<?xml version="1.0" encoding="utf-8"?>
<Project ToolsVersion="4.0" xmlns="http://schemas.microsoft.com/developer/msbuild/2003">
  <ItemGroup>
    <Filter Include="Source Files">
      <UniqueIdentifier>{4FC737F1-C7A5-4376-A066-2A32D752A2FF}</UniqueIdentifier>
      <Extensions>cpp;c;cc;cxx;c++;cppm;ixx;def;odl;idl;hpj;bat;asm;asmx</Extensions>
    </Filter>
    <Filter Include="Header Files">
      <UniqueIdentifier>{93995380-89BD-4b04-88EB-625FBE52EBFB}</UniqueIdentifier>
      <Extensions>h;hh;hpp;hxx;h++;hm;inl;inc;ipp;xsd</Extensions>
    </Filter>
    <Filter Include="Resource Files">
      <UniqueIdentifier>{67DA6AB6-F800-4c08-8B7A-83BB121AAD01}</UniqueIdentifier>
      <Extensions>rc;ico;cur;bmp;dlg;rc2;rct;bin;rgs;gif;jpg;jpeg;jpe;resx;tiff;tif;png;wav;mfcribbon-ms</Extensions>
    </Filter>
  </ItemGroup>
  <ItemGroup>
    <ClCompile Include="Injector.cpp">
      <Filter>Source Files</Filter>
    </ClCompile>
    <ClCompile Include="Update\Offsets.hpp">
      <Filter>Source Files</Filter>
    </ClCompile>
    <ClCompile Include="Injection\Injection.h">
      <Filter>Source Files</Filter>
    </ClCompile>
    <ClCompile Include="Injection\Injection.cpp">
      <Filter>Source Files</Filter>
    </ClCompile>
    <ClCompile Include="Dependencies\ntdlldefs.cpp">
      <Filter>Source Files</Filter>
    </ClCompile>
    <ClCompile Include="Idk\Utils\Tools.cpp">
      <Filter>Source Files</Filter>
    </ClCompile>
    <ClCompile Include="Idk\Utils\TPInjection.cpp">
      <Filter>Source Files</Filter>
    </ClCompile>
  </ItemGroup>
  <ItemGroup>
    <None Include="main.h" />
    <None Include="ICHook\ICHooker.asm">
      <Filter>Source Files</Filter>
    </None>
  </ItemGroup>
  <ItemGroup>
    <ClInclude Include="Dependencies\ThreadPool.h">
      <Filter>Header Files</Filter>
    </ClInclude>
    <ClInclude Include="Dependencies\WorkerFactory.h">
      <Filter>Header Files</Filter>
    </ClInclude>
    <ClInclude Include="Dependencies\ntdlldefs.h">
      <Filter>Header Files</Filter>
    </ClInclude>
    <ClInclude Include="Idk\Utils\Tools.h">
      <Filter>Header Files</Filter>
    </ClInclude>
    <ClInclude Include="Idk\Utils\TPInjection.h">
      <Filter>Header Files</Filter>
    </ClInclude>
    <ClInclude Include="Idk\Utils\WorkerFactory.h">
      <Filter>Header Files</Filter>
    </ClInclude>
    <ClInclude Include="Idk\Roblox.h">
      <Filter>Header Files</Filter>
    </ClInclude>
    <ClInclude Include="Idk\SyscalCaller.h">
      <Filter>Header Files</Filter>
    </ClInclude>
    <ClInclude Include="ICHook\ICHooker.h">
      <Filter>Header Files</Filter>
    </ClInclude>
  </ItemGroup>
</Project>